// !$*UTF8*$!
{
	archiveVersion = 1;
	classes = {
	};
	objectVersion = 56;
	objects = {

/* Begin PBXBuildFile section */
		D041730E29C09AB300D69A09 /* HomeView.swift in Sources */ = {isa = PBXBuildFile; fileRef = D065785329BF2EB600597A60 /* HomeView.swift */; };
		D041731029C09AE500D69A09 /* CategoriesSubview.swift in Sources */ = {isa = PBXBuildFile; fileRef = D041730F29C09AE500D69A09 /* CategoriesSubview.swift */; };
		D041731229C09B7600D69A09 /* SearchBarSubview.swift in Sources */ = {isa = PBXBuildFile; fileRef = D041731129C09B7600D69A09 /* SearchBarSubview.swift */; };
		D041731429C0B9A600D69A09 /* LatestSectionView.swift in Sources */ = {isa = PBXBuildFile; fileRef = D041731329C0B9A600D69A09 /* LatestSectionView.swift */; };
		D041731629C0B9FE00D69A09 /* LatestView.swift in Sources */ = {isa = PBXBuildFile; fileRef = D041731529C0B9FE00D69A09 /* LatestView.swift */; };
		D041731829C0BE0E00D69A09 /* FlashSaleView.swift in Sources */ = {isa = PBXBuildFile; fileRef = D041731729C0BE0E00D69A09 /* FlashSaleView.swift */; };
		D041731A29C0CA8F00D69A09 /* FlashSaleSection.swift in Sources */ = {isa = PBXBuildFile; fileRef = D041731929C0CA8F00D69A09 /* FlashSaleSection.swift */; };
		D041731C29C0D1D800D69A09 /* BrandsView.swift in Sources */ = {isa = PBXBuildFile; fileRef = D041731B29C0D1D800D69A09 /* BrandsView.swift */; };
		D041731E29C0D23900D69A09 /* BrandsSectionView.swift in Sources */ = {isa = PBXBuildFile; fileRef = D041731D29C0D23900D69A09 /* BrandsSectionView.swift */; };
		D041732029C0D3A300D69A09 /* LatestModel.swift in Sources */ = {isa = PBXBuildFile; fileRef = D041731F29C0D3A300D69A09 /* LatestModel.swift */; };
		D041732229C0D40A00D69A09 /* FlashSaleModel.swift in Sources */ = {isa = PBXBuildFile; fileRef = D041732129C0D40A00D69A09 /* FlashSaleModel.swift */; };
		D04CDAEF29BDFAB000617AB5 /* ShopApp.swift in Sources */ = {isa = PBXBuildFile; fileRef = D04CDAEE29BDFAB000617AB5 /* ShopApp.swift */; };
		D04CDAF129BDFAB000617AB5 /* ContentView.swift in Sources */ = {isa = PBXBuildFile; fileRef = D04CDAF029BDFAB000617AB5 /* ContentView.swift */; };
		D04CDAF329BDFAB100617AB5 /* Assets.xcassets in Resources */ = {isa = PBXBuildFile; fileRef = D04CDAF229BDFAB100617AB5 /* Assets.xcassets */; };
		D04CDAF629BDFAB100617AB5 /* Preview Assets.xcassets in Resources */ = {isa = PBXBuildFile; fileRef = D04CDAF529BDFAB100617AB5 /* Preview Assets.xcassets */; };
		D04CDAF829BDFAB100617AB5 /* Persistence.swift in Sources */ = {isa = PBXBuildFile; fileRef = D04CDAF729BDFAB100617AB5 /* Persistence.swift */; };
		D04CDAFB29BDFAB100617AB5 /* Shop.xcdatamodeld in Sources */ = {isa = PBXBuildFile; fileRef = D04CDAF929BDFAB100617AB5 /* Shop.xcdatamodeld */; };
		D04CDB0629BE004000617AB5 /* UserModel.swift in Sources */ = {isa = PBXBuildFile; fileRef = D04CDB0529BE004000617AB5 /* UserModel.swift */; };
		D04CDB0829BE01C100617AB5 /* RegistrationView.swift in Sources */ = {isa = PBXBuildFile; fileRef = D04CDB0729BE01C100617AB5 /* RegistrationView.swift */; };
		D065784C29BF1CF100597A60 /* AuthorizationTextField.swift in Sources */ = {isa = PBXBuildFile; fileRef = D065784B29BF1CF100597A60 /* AuthorizationTextField.swift */; };
		D065784E29BF1F7700597A60 /* CoreDataStack.swift in Sources */ = {isa = PBXBuildFile; fileRef = D065784D29BF1F7700597A60 /* CoreDataStack.swift */; };
		D065785029BF241600597A60 /* LogInView.swift in Sources */ = {isa = PBXBuildFile; fileRef = D065784F29BF241600597A60 /* LogInView.swift */; };
		D065785229BF2D1500597A60 /* MainView.swift in Sources */ = {isa = PBXBuildFile; fileRef = D065785129BF2D1500597A60 /* MainView.swift */; };
		D065785629BF392D00597A60 /* SearchBar.swift in Sources */ = {isa = PBXBuildFile; fileRef = D065785529BF392D00597A60 /* SearchBar.swift */; };
		D065785829BF3FD300597A60 /* FontsManager.swift in Sources */ = {isa = PBXBuildFile; fileRef = D065785729BF3FD300597A60 /* FontsManager.swift */; };
		D065785A29BF4A0800597A60 /* CategoryButtonView.swift in Sources */ = {isa = PBXBuildFile; fileRef = D065785929BF4A0800597A60 /* CategoryButtonView.swift */; };
		D083CD4929C1014700B3A61B /* ProfileView.swift in Sources */ = {isa = PBXBuildFile; fileRef = D083CD4829C1014700B3A61B /* ProfileView.swift */; };
		D0BFBF5229BE647E00B56D9B /* Montserrat-ExtraLight.ttf in Resources */ = {isa = PBXBuildFile; fileRef = D0BFBF4429BE647E00B56D9B /* Montserrat-ExtraLight.ttf */; };
		D0BFBF5329BE647E00B56D9B /* Montserrat-ExtraBold.ttf in Resources */ = {isa = PBXBuildFile; fileRef = D0BFBF4529BE647E00B56D9B /* Montserrat-ExtraBold.ttf */; };
		D0BFBF5429BE647E00B56D9B /* Montserrat-SemiBold.ttf in Resources */ = {isa = PBXBuildFile; fileRef = D0BFBF4629BE647E00B56D9B /* Montserrat-SemiBold.ttf */; };
		D0BFBF5529BE647E00B56D9B /* Montserrat-LightItalic.ttf in Resources */ = {isa = PBXBuildFile; fileRef = D0BFBF4729BE647E00B56D9B /* Montserrat-LightItalic.ttf */; };
		D0BFBF5629BE647E00B56D9B /* Montserrat-ExtraLightItalic.ttf in Resources */ = {isa = PBXBuildFile; fileRef = D0BFBF4829BE647E00B56D9B /* Montserrat-ExtraLightItalic.ttf */; };
		D0BFBF5729BE647E00B56D9B /* Montserrat-ExtraBoldItalic.ttf in Resources */ = {isa = PBXBuildFile; fileRef = D0BFBF4929BE647E00B56D9B /* Montserrat-ExtraBoldItalic.ttf */; };
		D0BFBF5829BE647E00B56D9B /* Montserrat-Light.ttf in Resources */ = {isa = PBXBuildFile; fileRef = D0BFBF4A29BE647E00B56D9B /* Montserrat-Light.ttf */; };
		D0BFBF5929BE647E00B56D9B /* Montserrat-Italic.ttf in Resources */ = {isa = PBXBuildFile; fileRef = D0BFBF4B29BE647E00B56D9B /* Montserrat-Italic.ttf */; };
		D0BFBF5A29BE647E00B56D9B /* Montserrat-Thin.ttf in Resources */ = {isa = PBXBuildFile; fileRef = D0BFBF4C29BE647E00B56D9B /* Montserrat-Thin.ttf */; };
		D0BFBF5B29BE647E00B56D9B /* Montserrat-Medium.ttf in Resources */ = {isa = PBXBuildFile; fileRef = D0BFBF4D29BE647E00B56D9B /* Montserrat-Medium.ttf */; };
		D0BFBF5C29BE647E00B56D9B /* Montserrat-Regular.ttf in Resources */ = {isa = PBXBuildFile; fileRef = D0BFBF4E29BE647E00B56D9B /* Montserrat-Regular.ttf */; };
		D0BFBF5D29BE647E00B56D9B /* Montserrat-MediumItalic.ttf in Resources */ = {isa = PBXBuildFile; fileRef = D0BFBF4F29BE647E00B56D9B /* Montserrat-MediumItalic.ttf */; };
		D0BFBF5E29BE647E00B56D9B /* Montserrat-SemiBoldItalic.ttf in Resources */ = {isa = PBXBuildFile; fileRef = D0BFBF5029BE647E00B56D9B /* Montserrat-SemiBoldItalic.ttf */; };
		D0BFBF5F29BE647E00B56D9B /* Montserrat-ThinItalic.ttf in Resources */ = {isa = PBXBuildFile; fileRef = D0BFBF5129BE647E00B56D9B /* Montserrat-ThinItalic.ttf */; };
		D0BFBF6429BE649200B56D9B /* Montserrat-Black.ttf in Resources */ = {isa = PBXBuildFile; fileRef = D0BFBF6029BE649200B56D9B /* Montserrat-Black.ttf */; };
		D0BFBF6529BE649200B56D9B /* Montserrat-BlackItalic.ttf in Resources */ = {isa = PBXBuildFile; fileRef = D0BFBF6129BE649200B56D9B /* Montserrat-BlackItalic.ttf */; };
		D0BFBF6629BE649200B56D9B /* Montserrat-BoldItalic.ttf in Resources */ = {isa = PBXBuildFile; fileRef = D0BFBF6229BE649200B56D9B /* Montserrat-BoldItalic.ttf */; };
		D0BFBF6729BE649200B56D9B /* Montserrat-Bold.ttf in Resources */ = {isa = PBXBuildFile; fileRef = D0BFBF6329BE649200B56D9B /* Montserrat-Bold.ttf */; };
/* End PBXBuildFile section */

/* Begin PBXFileReference section */
		D041730F29C09AE500D69A09 /* CategoriesSubview.swift */ = {isa = PBXFileReference; lastKnownFileType = sourcecode.swift; path = CategoriesSubview.swift; sourceTree = "<group>"; };
		D041731129C09B7600D69A09 /* SearchBarSubview.swift */ = {isa = PBXFileReference; lastKnownFileType = sourcecode.swift; path = SearchBarSubview.swift; sourceTree = "<group>"; };
		D041731329C0B9A600D69A09 /* LatestSectionView.swift */ = {isa = PBXFileReference; lastKnownFileType = sourcecode.swift; path = LatestSectionView.swift; sourceTree = "<group>"; };
		D041731529C0B9FE00D69A09 /* LatestView.swift */ = {isa = PBXFileReference; lastKnownFileType = sourcecode.swift; path = LatestView.swift; sourceTree = "<group>"; };
		D041731729C0BE0E00D69A09 /* FlashSaleView.swift */ = {isa = PBXFileReference; lastKnownFileType = sourcecode.swift; path = FlashSaleView.swift; sourceTree = "<group>"; };
		D041731929C0CA8F00D69A09 /* FlashSaleSection.swift */ = {isa = PBXFileReference; lastKnownFileType = sourcecode.swift; path = FlashSaleSection.swift; sourceTree = "<group>"; };
		D041731B29C0D1D800D69A09 /* BrandsView.swift */ = {isa = PBXFileReference; lastKnownFileType = sourcecode.swift; path = BrandsView.swift; sourceTree = "<group>"; };
		D041731D29C0D23900D69A09 /* BrandsSectionView.swift */ = {isa = PBXFileReference; lastKnownFileType = sourcecode.swift; path = BrandsSectionView.swift; sourceTree = "<group>"; };
		D041731F29C0D3A300D69A09 /* LatestModel.swift */ = {isa = PBXFileReference; lastKnownFileType = sourcecode.swift; path = LatestModel.swift; sourceTree = "<group>"; };
		D041732129C0D40A00D69A09 /* FlashSaleModel.swift */ = {isa = PBXFileReference; lastKnownFileType = sourcecode.swift; path = FlashSaleModel.swift; sourceTree = "<group>"; };
		D04CDAEB29BDFAB000617AB5 /* Shop.app */ = {isa = PBXFileReference; explicitFileType = wrapper.application; includeInIndex = 0; path = Shop.app; sourceTree = BUILT_PRODUCTS_DIR; };
		D04CDAEE29BDFAB000617AB5 /* ShopApp.swift */ = {isa = PBXFileReference; lastKnownFileType = sourcecode.swift; path = ShopApp.swift; sourceTree = "<group>"; };
		D04CDAF029BDFAB000617AB5 /* ContentView.swift */ = {isa = PBXFileReference; lastKnownFileType = sourcecode.swift; path = ContentView.swift; sourceTree = "<group>"; };
		D04CDAF229BDFAB100617AB5 /* Assets.xcassets */ = {isa = PBXFileReference; lastKnownFileType = folder.assetcatalog; path = Assets.xcassets; sourceTree = "<group>"; };
		D04CDAF529BDFAB100617AB5 /* Preview Assets.xcassets */ = {isa = PBXFileReference; lastKnownFileType = folder.assetcatalog; path = "Preview Assets.xcassets"; sourceTree = "<group>"; };
		D04CDAF729BDFAB100617AB5 /* Persistence.swift */ = {isa = PBXFileReference; lastKnownFileType = sourcecode.swift; path = Persistence.swift; sourceTree = "<group>"; };
		D04CDAFA29BDFAB100617AB5 /* Shop.xcdatamodel */ = {isa = PBXFileReference; lastKnownFileType = wrapper.xcdatamodel; path = Shop.xcdatamodel; sourceTree = "<group>"; };
		D04CDB0529BE004000617AB5 /* UserModel.swift */ = {isa = PBXFileReference; lastKnownFileType = sourcecode.swift; path = UserModel.swift; sourceTree = "<group>"; };
		D04CDB0729BE01C100617AB5 /* RegistrationView.swift */ = {isa = PBXFileReference; lastKnownFileType = sourcecode.swift; path = RegistrationView.swift; sourceTree = "<group>"; };
		D065784B29BF1CF100597A60 /* AuthorizationTextField.swift */ = {isa = PBXFileReference; lastKnownFileType = sourcecode.swift; path = AuthorizationTextField.swift; sourceTree = "<group>"; };
		D065784D29BF1F7700597A60 /* CoreDataStack.swift */ = {isa = PBXFileReference; lastKnownFileType = sourcecode.swift; path = CoreDataStack.swift; sourceTree = "<group>"; };
		D065784F29BF241600597A60 /* LogInView.swift */ = {isa = PBXFileReference; lastKnownFileType = sourcecode.swift; path = LogInView.swift; sourceTree = "<group>"; };
		D065785129BF2D1500597A60 /* MainView.swift */ = {isa = PBXFileReference; lastKnownFileType = sourcecode.swift; path = MainView.swift; sourceTree = "<group>"; };
		D065785329BF2EB600597A60 /* HomeView.swift */ = {isa = PBXFileReference; lastKnownFileType = sourcecode.swift; path = HomeView.swift; sourceTree = "<group>"; };
		D065785529BF392D00597A60 /* SearchBar.swift */ = {isa = PBXFileReference; lastKnownFileType = sourcecode.swift; path = SearchBar.swift; sourceTree = "<group>"; };
		D065785729BF3FD300597A60 /* FontsManager.swift */ = {isa = PBXFileReference; lastKnownFileType = sourcecode.swift; path = FontsManager.swift; sourceTree = "<group>"; };
		D065785929BF4A0800597A60 /* CategoryButtonView.swift */ = {isa = PBXFileReference; lastKnownFileType = sourcecode.swift; path = CategoryButtonView.swift; sourceTree = "<group>"; };
		D083CD4829C1014700B3A61B /* ProfileView.swift */ = {isa = PBXFileReference; lastKnownFileType = sourcecode.swift; path = ProfileView.swift; sourceTree = "<group>"; };
		D0BFBF4229BE630A00B56D9B /* Info.plist */ = {isa = PBXFileReference; lastKnownFileType = text.plist; path = Info.plist; sourceTree = "<group>"; };
		D0BFBF4429BE647E00B56D9B /* Montserrat-ExtraLight.ttf */ = {isa = PBXFileReference; lastKnownFileType = file; path = "Montserrat-ExtraLight.ttf"; sourceTree = "<group>"; };
		D0BFBF4529BE647E00B56D9B /* Montserrat-ExtraBold.ttf */ = {isa = PBXFileReference; lastKnownFileType = file; path = "Montserrat-ExtraBold.ttf"; sourceTree = "<group>"; };
		D0BFBF4629BE647E00B56D9B /* Montserrat-SemiBold.ttf */ = {isa = PBXFileReference; lastKnownFileType = file; path = "Montserrat-SemiBold.ttf"; sourceTree = "<group>"; };
		D0BFBF4729BE647E00B56D9B /* Montserrat-LightItalic.ttf */ = {isa = PBXFileReference; lastKnownFileType = file; path = "Montserrat-LightItalic.ttf"; sourceTree = "<group>"; };
		D0BFBF4829BE647E00B56D9B /* Montserrat-ExtraLightItalic.ttf */ = {isa = PBXFileReference; lastKnownFileType = file; path = "Montserrat-ExtraLightItalic.ttf"; sourceTree = "<group>"; };
		D0BFBF4929BE647E00B56D9B /* Montserrat-ExtraBoldItalic.ttf */ = {isa = PBXFileReference; lastKnownFileType = file; path = "Montserrat-ExtraBoldItalic.ttf"; sourceTree = "<group>"; };
		D0BFBF4A29BE647E00B56D9B /* Montserrat-Light.ttf */ = {isa = PBXFileReference; lastKnownFileType = file; path = "Montserrat-Light.ttf"; sourceTree = "<group>"; };
		D0BFBF4B29BE647E00B56D9B /* Montserrat-Italic.ttf */ = {isa = PBXFileReference; lastKnownFileType = file; path = "Montserrat-Italic.ttf"; sourceTree = "<group>"; };
		D0BFBF4C29BE647E00B56D9B /* Montserrat-Thin.ttf */ = {isa = PBXFileReference; lastKnownFileType = file; path = "Montserrat-Thin.ttf"; sourceTree = "<group>"; };
		D0BFBF4D29BE647E00B56D9B /* Montserrat-Medium.ttf */ = {isa = PBXFileReference; lastKnownFileType = file; path = "Montserrat-Medium.ttf"; sourceTree = "<group>"; };
		D0BFBF4E29BE647E00B56D9B /* Montserrat-Regular.ttf */ = {isa = PBXFileReference; lastKnownFileType = file; path = "Montserrat-Regular.ttf"; sourceTree = "<group>"; };
		D0BFBF4F29BE647E00B56D9B /* Montserrat-MediumItalic.ttf */ = {isa = PBXFileReference; lastKnownFileType = file; path = "Montserrat-MediumItalic.ttf"; sourceTree = "<group>"; };
		D0BFBF5029BE647E00B56D9B /* Montserrat-SemiBoldItalic.ttf */ = {isa = PBXFileReference; lastKnownFileType = file; path = "Montserrat-SemiBoldItalic.ttf"; sourceTree = "<group>"; };
		D0BFBF5129BE647E00B56D9B /* Montserrat-ThinItalic.ttf */ = {isa = PBXFileReference; lastKnownFileType = file; path = "Montserrat-ThinItalic.ttf"; sourceTree = "<group>"; };
		D0BFBF6029BE649200B56D9B /* Montserrat-Black.ttf */ = {isa = PBXFileReference; lastKnownFileType = file; path = "Montserrat-Black.ttf"; sourceTree = "<group>"; };
		D0BFBF6129BE649200B56D9B /* Montserrat-BlackItalic.ttf */ = {isa = PBXFileReference; lastKnownFileType = file; path = "Montserrat-BlackItalic.ttf"; sourceTree = "<group>"; };
		D0BFBF6229BE649200B56D9B /* Montserrat-BoldItalic.ttf */ = {isa = PBXFileReference; lastKnownFileType = file; path = "Montserrat-BoldItalic.ttf"; sourceTree = "<group>"; };
		D0BFBF6329BE649200B56D9B /* Montserrat-Bold.ttf */ = {isa = PBXFileReference; lastKnownFileType = file; path = "Montserrat-Bold.ttf"; sourceTree = "<group>"; };
/* End PBXFileReference section */

/* Begin PBXFrameworksBuildPhase section */
		D04CDAE829BDFAB000617AB5 /* Frameworks */ = {
			isa = PBXFrameworksBuildPhase;
			buildActionMask = 2147483647;
			files = (
			);
			runOnlyForDeploymentPostprocessing = 0;
		};
/* End PBXFrameworksBuildPhase section */

/* Begin PBXGroup section */
		D041730D29C09A9000D69A09 /* HomeView */ = {
			isa = PBXGroup;
			children = (
				D065785329BF2EB600597A60 /* HomeView.swift */,
				D041730F29C09AE500D69A09 /* CategoriesSubview.swift */,
				D041731329C0B9A600D69A09 /* LatestSectionView.swift */,
				D041731929C0CA8F00D69A09 /* FlashSaleSection.swift */,
				D041731D29C0D23900D69A09 /* BrandsSectionView.swift */,
				D041732329C0D43F00D69A09 /* Elements */,
			);
			path = HomeView;
			sourceTree = "<group>";
		};
		D041732329C0D43F00D69A09 /* Elements */ = {
			isa = PBXGroup;
			children = (
				D041731129C09B7600D69A09 /* SearchBarSubview.swift */,
				D041731529C0B9FE00D69A09 /* LatestView.swift */,
				D041731729C0BE0E00D69A09 /* FlashSaleView.swift */,
				D041731B29C0D1D800D69A09 /* BrandsView.swift */,
			);
			path = Elements;
			sourceTree = "<group>";
		};
		D04CDAE229BDFAB000617AB5 = {
			isa = PBXGroup;
			children = (
				D04CDAED29BDFAB000617AB5 /* Shop */,
				D04CDAEC29BDFAB000617AB5 /* Products */,
			);
			sourceTree = "<group>";
		};
		D04CDAEC29BDFAB000617AB5 /* Products */ = {
			isa = PBXGroup;
			children = (
				D04CDAEB29BDFAB000617AB5 /* Shop.app */,
			);
			name = Products;
			sourceTree = "<group>";
		};
		D04CDAED29BDFAB000617AB5 /* Shop */ = {
			isa = PBXGroup;
			children = (
				D0BFBF4229BE630A00B56D9B /* Info.plist */,
				D04CDB0429BDFAF100617AB5 /* Resources */,
				D04CDAEE29BDFAB000617AB5 /* ShopApp.swift */,
				D04CDB0329BDFAD900617AB5 /* Model */,
				D04CDB0229BDFAD300617AB5 /* View */,
				D04CDB0129BDFAC700617AB5 /* ViewModel */,
				D065784A29BF1CBC00597A60 /* Elements */,
				D04CDAF929BDFAB100617AB5 /* Shop.xcdatamodeld */,
				D04CDAF429BDFAB100617AB5 /* Preview Content */,
			);
			path = Shop;
			sourceTree = "<group>";
		};
		D04CDAF429BDFAB100617AB5 /* Preview Content */ = {
			isa = PBXGroup;
			children = (
				D04CDAF529BDFAB100617AB5 /* Preview Assets.xcassets */,
			);
			path = "Preview Content";
			sourceTree = "<group>";
		};
		D04CDB0129BDFAC700617AB5 /* ViewModel */ = {
			isa = PBXGroup;
			children = (
			);
			path = ViewModel;
			sourceTree = "<group>";
		};
		D04CDB0229BDFAD300617AB5 /* View */ = {
			isa = PBXGroup;
			children = (
				D083CD4729C1013300B3A61B /* ProfileView */,
				D083CD4629C1011D00B3A61B /* MainView */,
				D083CD4529C1011200B3A61B /* LoginView */,
				D083CD4429C1010100B3A61B /* RegistrationView */,
				D041730D29C09A9000D69A09 /* HomeView */,
				D04CDAF029BDFAB000617AB5 /* ContentView.swift */,
			);
			path = View;
			sourceTree = "<group>";
		};
		D04CDB0329BDFAD900617AB5 /* Model */ = {
			isa = PBXGroup;
			children = (
				D04CDB0529BE004000617AB5 /* UserModel.swift */,
				D065784D29BF1F7700597A60 /* CoreDataStack.swift */,
				D041731F29C0D3A300D69A09 /* LatestModel.swift */,
				D041732129C0D40A00D69A09 /* FlashSaleModel.swift */,
			);
			path = Model;
			sourceTree = "<group>";
		};
		D04CDB0429BDFAF100617AB5 /* Resources */ = {
			isa = PBXGroup;
			children = (
				D0BFBF4329BE638C00B56D9B /* Fonts */,
				D04CDAF729BDFAB100617AB5 /* Persistence.swift */,
				D04CDAF229BDFAB100617AB5 /* Assets.xcassets */,
			);
			path = Resources;
			sourceTree = "<group>";
		};
		D065784A29BF1CBC00597A60 /* Elements */ = {
			isa = PBXGroup;
			children = (
				D065784B29BF1CF100597A60 /* AuthorizationTextField.swift */,
				D065785529BF392D00597A60 /* SearchBar.swift */,
				D065785929BF4A0800597A60 /* CategoryButtonView.swift */,
			);
			path = Elements;
			sourceTree = "<group>";
		};
		D083CD4429C1010100B3A61B /* RegistrationView */ = {
			isa = PBXGroup;
			children = (
				D04CDB0729BE01C100617AB5 /* RegistrationView.swift */,
			);
			path = RegistrationView;
			sourceTree = "<group>";
		};
		D083CD4529C1011200B3A61B /* LoginView */ = {
			isa = PBXGroup;
			children = (
				D065784F29BF241600597A60 /* LogInView.swift */,
			);
			path = LoginView;
			sourceTree = "<group>";
		};
		D083CD4629C1011D00B3A61B /* MainView */ = {
			isa = PBXGroup;
			children = (
				D065785129BF2D1500597A60 /* MainView.swift */,
			);
			path = MainView;
			sourceTree = "<group>";
		};
		D083CD4729C1013300B3A61B /* ProfileView */ = {
			isa = PBXGroup;
			children = (
				D083CD4829C1014700B3A61B /* ProfileView.swift */,
			);
			path = ProfileView;
			sourceTree = "<group>";
		};
		D0BFBF4329BE638C00B56D9B /* Fonts */ = {
			isa = PBXGroup;
			children = (
				D065785729BF3FD300597A60 /* FontsManager.swift */,
				D0BFBF4529BE647E00B56D9B /* Montserrat-ExtraBold.ttf */,
				D0BFBF4929BE647E00B56D9B /* Montserrat-ExtraBoldItalic.ttf */,
				D0BFBF4429BE647E00B56D9B /* Montserrat-ExtraLight.ttf */,
				D0BFBF4829BE647E00B56D9B /* Montserrat-ExtraLightItalic.ttf */,
				D0BFBF6029BE649200B56D9B /* Montserrat-Black.ttf */,
				D0BFBF6129BE649200B56D9B /* Montserrat-BlackItalic.ttf */,
				D0BFBF6329BE649200B56D9B /* Montserrat-Bold.ttf */,
				D0BFBF6229BE649200B56D9B /* Montserrat-BoldItalic.ttf */,
				D0BFBF4B29BE647E00B56D9B /* Montserrat-Italic.ttf */,
				D0BFBF4A29BE647E00B56D9B /* Montserrat-Light.ttf */,
				D0BFBF4729BE647E00B56D9B /* Montserrat-LightItalic.ttf */,
				D0BFBF4D29BE647E00B56D9B /* Montserrat-Medium.ttf */,
				D0BFBF4F29BE647E00B56D9B /* Montserrat-MediumItalic.ttf */,
				D0BFBF4E29BE647E00B56D9B /* Montserrat-Regular.ttf */,
				D0BFBF4629BE647E00B56D9B /* Montserrat-SemiBold.ttf */,
				D0BFBF5029BE647E00B56D9B /* Montserrat-SemiBoldItalic.ttf */,
				D0BFBF4C29BE647E00B56D9B /* Montserrat-Thin.ttf */,
				D0BFBF5129BE647E00B56D9B /* Montserrat-ThinItalic.ttf */,
			);
			path = Fonts;
			sourceTree = "<group>";
		};
/* End PBXGroup section */

/* Begin PBXNativeTarget section */
		D04CDAEA29BDFAB000617AB5 /* Shop */ = {
			isa = PBXNativeTarget;
			buildConfigurationList = D04CDAFE29BDFAB100617AB5 /* Build configuration list for PBXNativeTarget "Shop" */;
			buildPhases = (
				D04CDAE729BDFAB000617AB5 /* Sources */,
				D04CDAE829BDFAB000617AB5 /* Frameworks */,
				D04CDAE929BDFAB000617AB5 /* Resources */,
			);
			buildRules = (
			);
			dependencies = (
			);
			name = Shop;
			productName = Shop;
			productReference = D04CDAEB29BDFAB000617AB5 /* Shop.app */;
			productType = "com.apple.product-type.application";
		};
/* End PBXNativeTarget section */

/* Begin PBXProject section */
		D04CDAE329BDFAB000617AB5 /* Project object */ = {
			isa = PBXProject;
			attributes = {
				BuildIndependentTargetsInParallel = 1;
				LastSwiftUpdateCheck = 1420;
				LastUpgradeCheck = 1420;
				TargetAttributes = {
					D04CDAEA29BDFAB000617AB5 = {
						CreatedOnToolsVersion = 14.2;
					};
				};
			};
			buildConfigurationList = D04CDAE629BDFAB000617AB5 /* Build configuration list for PBXProject "Shop" */;
			compatibilityVersion = "Xcode 14.0";
			developmentRegion = en;
			hasScannedForEncodings = 0;
			knownRegions = (
				en,
				Base,
			);
			mainGroup = D04CDAE229BDFAB000617AB5;
			productRefGroup = D04CDAEC29BDFAB000617AB5 /* Products */;
			projectDirPath = "";
			projectRoot = "";
			targets = (
				D04CDAEA29BDFAB000617AB5 /* Shop */,
			);
		};
/* End PBXProject section */

/* Begin PBXResourcesBuildPhase section */
		D04CDAE929BDFAB000617AB5 /* Resources */ = {
			isa = PBXResourcesBuildPhase;
			buildActionMask = 2147483647;
			files = (
				D0BFBF6729BE649200B56D9B /* Montserrat-Bold.ttf in Resources */,
				D04CDAF629BDFAB100617AB5 /* Preview Assets.xcassets in Resources */,
				D0BFBF6429BE649200B56D9B /* Montserrat-Black.ttf in Resources */,
				D0BFBF5729BE647E00B56D9B /* Montserrat-ExtraBoldItalic.ttf in Resources */,
				D0BFBF5D29BE647E00B56D9B /* Montserrat-MediumItalic.ttf in Resources */,
				D0BFBF5E29BE647E00B56D9B /* Montserrat-SemiBoldItalic.ttf in Resources */,
				D0BFBF5329BE647E00B56D9B /* Montserrat-ExtraBold.ttf in Resources */,
				D0BFBF5829BE647E00B56D9B /* Montserrat-Light.ttf in Resources */,
				D0BFBF5529BE647E00B56D9B /* Montserrat-LightItalic.ttf in Resources */,
				D0BFBF5929BE647E00B56D9B /* Montserrat-Italic.ttf in Resources */,
				D0BFBF6529BE649200B56D9B /* Montserrat-BlackItalic.ttf in Resources */,
				D0BFBF5C29BE647E00B56D9B /* Montserrat-Regular.ttf in Resources */,
				D0BFBF5229BE647E00B56D9B /* Montserrat-ExtraLight.ttf in Resources */,
				D0BFBF5F29BE647E00B56D9B /* Montserrat-ThinItalic.ttf in Resources */,
				D0BFBF6629BE649200B56D9B /* Montserrat-BoldItalic.ttf in Resources */,
				D0BFBF5A29BE647E00B56D9B /* Montserrat-Thin.ttf in Resources */,
				D04CDAF329BDFAB100617AB5 /* Assets.xcassets in Resources */,
				D0BFBF5429BE647E00B56D9B /* Montserrat-SemiBold.ttf in Resources */,
				D0BFBF5B29BE647E00B56D9B /* Montserrat-Medium.ttf in Resources */,
				D0BFBF5629BE647E00B56D9B /* Montserrat-ExtraLightItalic.ttf in Resources */,
			);
			runOnlyForDeploymentPostprocessing = 0;
		};
/* End PBXResourcesBuildPhase section */

/* Begin PBXSourcesBuildPhase section */
		D04CDAE729BDFAB000617AB5 /* Sources */ = {
			isa = PBXSourcesBuildPhase;
			buildActionMask = 2147483647;
			files = (
				D041732029C0D3A300D69A09 /* LatestModel.swift in Sources */,
				D041731029C09AE500D69A09 /* CategoriesSubview.swift in Sources */,
				D041731A29C0CA8F00D69A09 /* FlashSaleSection.swift in Sources */,
				D041731229C09B7600D69A09 /* SearchBarSubview.swift in Sources */,
				D041731829C0BE0E00D69A09 /* FlashSaleView.swift in Sources */,
				D041731E29C0D23900D69A09 /* BrandsSectionView.swift in Sources */,
				D065784C29BF1CF100597A60 /* AuthorizationTextField.swift in Sources */,
				D083CD4929C1014700B3A61B /* ProfileView.swift in Sources */,
				D041730E29C09AB300D69A09 /* HomeView.swift in Sources */,
				D04CDB0629BE004000617AB5 /* UserModel.swift in Sources */,
				D065785829BF3FD300597A60 /* FontsManager.swift in Sources */,
				D04CDAF829BDFAB100617AB5 /* Persistence.swift in Sources */,
				D041732229C0D40A00D69A09 /* FlashSaleModel.swift in Sources */,
				D065785229BF2D1500597A60 /* MainView.swift in Sources */,
				D041731C29C0D1D800D69A09 /* BrandsView.swift in Sources */,
				D04CDB0829BE01C100617AB5 /* RegistrationView.swift in Sources */,
				D065785629BF392D00597A60 /* SearchBar.swift in Sources */,
				D04CDAF129BDFAB000617AB5 /* ContentView.swift in Sources */,
				D04CDAEF29BDFAB000617AB5 /* ShopApp.swift in Sources */,
				D065785A29BF4A0800597A60 /* CategoryButtonView.swift in Sources */,
				D065785029BF241600597A60 /* LogInView.swift in Sources */,
				D04CDAFB29BDFAB100617AB5 /* Shop.xcdatamodeld in Sources */,
				D065784E29BF1F7700597A60 /* CoreDataStack.swift in Sources */,
				D041731429C0B9A600D69A09 /* LatestSectionView.swift in Sources */,
				D041731629C0B9FE00D69A09 /* LatestView.swift in Sources */,
			);
			runOnlyForDeploymentPostprocessing = 0;
		};
/* End PBXSourcesBuildPhase section */

/* Begin XCBuildConfiguration section */
		D04CDAFC29BDFAB100617AB5 /* Debug */ = {
			isa = XCBuildConfiguration;
			buildSettings = {
				ALWAYS_SEARCH_USER_PATHS = NO;
				CLANG_ANALYZER_NONNULL = YES;
				CLANG_ANALYZER_NUMBER_OBJECT_CONVERSION = YES_AGGRESSIVE;
				CLANG_CXX_LANGUAGE_STANDARD = "gnu++20";
				CLANG_ENABLE_MODULES = YES;
				CLANG_ENABLE_OBJC_ARC = YES;
				CLANG_ENABLE_OBJC_WEAK = YES;
				CLANG_WARN_BLOCK_CAPTURE_AUTORELEASING = YES;
				CLANG_WARN_BOOL_CONVERSION = YES;
				CLANG_WARN_COMMA = YES;
				CLANG_WARN_CONSTANT_CONVERSION = YES;
				CLANG_WARN_DEPRECATED_OBJC_IMPLEMENTATIONS = YES;
				CLANG_WARN_DIRECT_OBJC_ISA_USAGE = YES_ERROR;
				CLANG_WARN_DOCUMENTATION_COMMENTS = YES;
				CLANG_WARN_EMPTY_BODY = YES;
				CLANG_WARN_ENUM_CONVERSION = YES;
				CLANG_WARN_INFINITE_RECURSION = YES;
				CLANG_WARN_INT_CONVERSION = YES;
				CLANG_WARN_NON_LITERAL_NULL_CONVERSION = YES;
				CLANG_WARN_OBJC_IMPLICIT_RETAIN_SELF = YES;
				CLANG_WARN_OBJC_LITERAL_CONVERSION = YES;
				CLANG_WARN_OBJC_ROOT_CLASS = YES_ERROR;
				CLANG_WARN_QUOTED_INCLUDE_IN_FRAMEWORK_HEADER = YES;
				CLANG_WARN_RANGE_LOOP_ANALYSIS = YES;
				CLANG_WARN_STRICT_PROTOTYPES = YES;
				CLANG_WARN_SUSPICIOUS_MOVE = YES;
				CLANG_WARN_UNGUARDED_AVAILABILITY = YES_AGGRESSIVE;
				CLANG_WARN_UNREACHABLE_CODE = YES;
				CLANG_WARN__DUPLICATE_METHOD_MATCH = YES;
				COPY_PHASE_STRIP = NO;
				DEBUG_INFORMATION_FORMAT = dwarf;
				ENABLE_STRICT_OBJC_MSGSEND = YES;
				ENABLE_TESTABILITY = YES;
				GCC_C_LANGUAGE_STANDARD = gnu11;
				GCC_DYNAMIC_NO_PIC = NO;
				GCC_NO_COMMON_BLOCKS = YES;
				GCC_OPTIMIZATION_LEVEL = 0;
				GCC_PREPROCESSOR_DEFINITIONS = (
					"DEBUG=1",
					"$(inherited)",
				);
				GCC_WARN_64_TO_32_BIT_CONVERSION = YES;
				GCC_WARN_ABOUT_RETURN_TYPE = YES_ERROR;
				GCC_WARN_UNDECLARED_SELECTOR = YES;
				GCC_WARN_UNINITIALIZED_AUTOS = YES_AGGRESSIVE;
				GCC_WARN_UNUSED_FUNCTION = YES;
				GCC_WARN_UNUSED_VARIABLE = YES;
				IPHONEOS_DEPLOYMENT_TARGET = 16.2;
				MTL_ENABLE_DEBUG_INFO = INCLUDE_SOURCE;
				MTL_FAST_MATH = YES;
				ONLY_ACTIVE_ARCH = YES;
				SDKROOT = iphoneos;
				SWIFT_ACTIVE_COMPILATION_CONDITIONS = DEBUG;
				SWIFT_OPTIMIZATION_LEVEL = "-Onone";
			};
			name = Debug;
		};
		D04CDAFD29BDFAB100617AB5 /* Release */ = {
			isa = XCBuildConfiguration;
			buildSettings = {
				ALWAYS_SEARCH_USER_PATHS = NO;
				CLANG_ANALYZER_NONNULL = YES;
				CLANG_ANALYZER_NUMBER_OBJECT_CONVERSION = YES_AGGRESSIVE;
				CLANG_CXX_LANGUAGE_STANDARD = "gnu++20";
				CLANG_ENABLE_MODULES = YES;
				CLANG_ENABLE_OBJC_ARC = YES;
				CLANG_ENABLE_OBJC_WEAK = YES;
				CLANG_WARN_BLOCK_CAPTURE_AUTORELEASING = YES;
				CLANG_WARN_BOOL_CONVERSION = YES;
				CLANG_WARN_COMMA = YES;
				CLANG_WARN_CONSTANT_CONVERSION = YES;
				CLANG_WARN_DEPRECATED_OBJC_IMPLEMENTATIONS = YES;
				CLANG_WARN_DIRECT_OBJC_ISA_USAGE = YES_ERROR;
				CLANG_WARN_DOCUMENTATION_COMMENTS = YES;
				CLANG_WARN_EMPTY_BODY = YES;
				CLANG_WARN_ENUM_CONVERSION = YES;
				CLANG_WARN_INFINITE_RECURSION = YES;
				CLANG_WARN_INT_CONVERSION = YES;
				CLANG_WARN_NON_LITERAL_NULL_CONVERSION = YES;
				CLANG_WARN_OBJC_IMPLICIT_RETAIN_SELF = YES;
				CLANG_WARN_OBJC_LITERAL_CONVERSION = YES;
				CLANG_WARN_OBJC_ROOT_CLASS = YES_ERROR;
				CLANG_WARN_QUOTED_INCLUDE_IN_FRAMEWORK_HEADER = YES;
				CLANG_WARN_RANGE_LOOP_ANALYSIS = YES;
				CLANG_WARN_STRICT_PROTOTYPES = YES;
				CLANG_WARN_SUSPICIOUS_MOVE = YES;
				CLANG_WARN_UNGUARDED_AVAILABILITY = YES_AGGRESSIVE;
				CLANG_WARN_UNREACHABLE_CODE = YES;
				CLANG_WARN__DUPLICATE_METHOD_MATCH = YES;
				COPY_PHASE_STRIP = NO;
				DEBUG_INFORMATION_FORMAT = "dwarf-with-dsym";
				ENABLE_NS_ASSERTIONS = NO;
				ENABLE_STRICT_OBJC_MSGSEND = YES;
				GCC_C_LANGUAGE_STANDARD = gnu11;
				GCC_NO_COMMON_BLOCKS = YES;
				GCC_WARN_64_TO_32_BIT_CONVERSION = YES;
				GCC_WARN_ABOUT_RETURN_TYPE = YES_ERROR;
				GCC_WARN_UNDECLARED_SELECTOR = YES;
				GCC_WARN_UNINITIALIZED_AUTOS = YES_AGGRESSIVE;
				GCC_WARN_UNUSED_FUNCTION = YES;
				GCC_WARN_UNUSED_VARIABLE = YES;
				IPHONEOS_DEPLOYMENT_TARGET = 16.2;
				MTL_ENABLE_DEBUG_INFO = NO;
				MTL_FAST_MATH = YES;
				SDKROOT = iphoneos;
				SWIFT_COMPILATION_MODE = wholemodule;
				SWIFT_OPTIMIZATION_LEVEL = "-O";
				VALIDATE_PRODUCT = YES;
			};
			name = Release;
		};
		D04CDAFF29BDFAB100617AB5 /* Debug */ = {
			isa = XCBuildConfiguration;
			buildSettings = {
				ASSETCATALOG_COMPILER_APPICON_NAME = AppIcon;
				ASSETCATALOG_COMPILER_GLOBAL_ACCENT_COLOR_NAME = AccentColor;
				CODE_SIGN_STYLE = Automatic;
				CURRENT_PROJECT_VERSION = 1;
				DEVELOPMENT_ASSET_PATHS = "\"Shop/Preview Content\"";
				DEVELOPMENT_TEAM = B7Y7QR66JR;
				ENABLE_PREVIEWS = YES;
				GENERATE_INFOPLIST_FILE = YES;
				INFOPLIST_FILE = Shop/Info.plist;
				INFOPLIST_KEY_UIApplicationSupportsIndirectInputEvents = YES;
				INFOPLIST_KEY_UILaunchScreen_Generation = YES;
				INFOPLIST_KEY_UISupportedInterfaceOrientations = UIInterfaceOrientationPortrait;
				INFOPLIST_KEY_UISupportedInterfaceOrientations_iPad = "UIInterfaceOrientationLandscapeLeft UIInterfaceOrientationLandscapeRight UIInterfaceOrientationPortrait UIInterfaceOrientationPortraitUpsideDown";
				LD_RUNPATH_SEARCH_PATHS = (
					"$(inherited)",
					"@executable_path/Frameworks",
				);
				MARKETING_VERSION = 1.0;
				PRODUCT_BUNDLE_IDENTIFIER = com.example.Shop2023;
				PRODUCT_NAME = "$(TARGET_NAME)";
				SUPPORTED_PLATFORMS = "iphoneos iphonesimulator";
				SUPPORTS_MACCATALYST = NO;
				SUPPORTS_MAC_DESIGNED_FOR_IPHONE_IPAD = NO;
				SWIFT_EMIT_LOC_STRINGS = YES;
				SWIFT_VERSION = 5.0;
				TARGETED_DEVICE_FAMILY = 1;
			};
			name = Debug;
		};
		D04CDB0029BDFAB100617AB5 /* Release */ = {
			isa = XCBuildConfiguration;
			buildSettings = {
				ASSETCATALOG_COMPILER_APPICON_NAME = AppIcon;
				ASSETCATALOG_COMPILER_GLOBAL_ACCENT_COLOR_NAME = AccentColor;
				CODE_SIGN_STYLE = Automatic;
				CURRENT_PROJECT_VERSION = 1;
				DEVELOPMENT_ASSET_PATHS = "\"Shop/Preview Content\"";
				DEVELOPMENT_TEAM = B7Y7QR66JR;
				ENABLE_PREVIEWS = YES;
				GENERATE_INFOPLIST_FILE = YES;
				INFOPLIST_FILE = Shop/Info.plist;
				INFOPLIST_KEY_UIApplicationSupportsIndirectInputEvents = YES;
				INFOPLIST_KEY_UILaunchScreen_Generation = YES;
				INFOPLIST_KEY_UISupportedInterfaceOrientations = UIInterfaceOrientationPortrait;
				INFOPLIST_KEY_UISupportedInterfaceOrientations_iPad = "UIInterfaceOrientationLandscapeLeft UIInterfaceOrientationLandscapeRight UIInterfaceOrientationPortrait UIInterfaceOrientationPortraitUpsideDown";
				LD_RUNPATH_SEARCH_PATHS = (
					"$(inherited)",
					"@executable_path/Frameworks",
				);
				MARKETING_VERSION = 1.0;
				PRODUCT_BUNDLE_IDENTIFIER = com.example.Shop2023;
				PRODUCT_NAME = "$(TARGET_NAME)";
				SUPPORTED_PLATFORMS = "iphoneos iphonesimulator";
				SUPPORTS_MACCATALYST = NO;
				SUPPORTS_MAC_DESIGNED_FOR_IPHONE_IPAD = NO;
				SWIFT_EMIT_LOC_STRINGS = YES;
				SWIFT_VERSION = 5.0;
				TARGETED_DEVICE_FAMILY = 1;
			};
			name = Release;
		};
/* End XCBuildConfiguration section */

/* Begin XCConfigurationList section */
		D04CDAE629BDFAB000617AB5 /* Build configuration list for PBXProject "Shop" */ = {
			isa = XCConfigurationList;
			buildConfigurations = (
				D04CDAFC29BDFAB100617AB5 /* Debug */,
				D04CDAFD29BDFAB100617AB5 /* Release */,
			);
			defaultConfigurationIsVisible = 0;
			defaultConfigurationName = Release;
		};
		D04CDAFE29BDFAB100617AB5 /* Build configuration list for PBXNativeTarget "Shop" */ = {
			isa = XCConfigurationList;
			buildConfigurations = (
				D04CDAFF29BDFAB100617AB5 /* Debug */,
				D04CDB0029BDFAB100617AB5 /* Release */,
			);
			defaultConfigurationIsVisible = 0;
			defaultConfigurationName = Release;
		};
/* End XCConfigurationList section */

/* Begin XCVersionGroup section */
		D04CDAF929BDFAB100617AB5 /* Shop.xcdatamodeld */ = {
			isa = XCVersionGroup;
			children = (
				D04CDAFA29BDFAB100617AB5 /* Shop.xcdatamodel */,
			);
			currentVersion = D04CDAFA29BDFAB100617AB5 /* Shop.xcdatamodel */;
			path = Shop.xcdatamodeld;
			sourceTree = "<group>";
			versionGroupType = wrapper.xcdatamodel;
		};
/* End XCVersionGroup section */
	};
	rootObject = D04CDAE329BDFAB000617AB5 /* Project object */;
}
